
Microsoft Visual Studio Solution File, Format Version 12.00
# Visual Studio Version 17
VisualStudioVersion = 17.14.36623.8 d17.14
MinimumVisualStudioVersion = 10.0.40219.1
Project("{FAE04EC0-301F-11D3-BF4B-00C04F79EFBC}") = "p3rpc.eventframework", "p3rpc.eventframework\p3rpc.eventframework.csproj", "{BB5FB18D-B3D7-46B0-B976-D08CFD62059F}"
EndProject
Project("{FAE04EC0-301F-11D3-BF4B-00C04F79EFBC}") = "riri.eventframework", "riri.eventframework\riri.eventframework.csproj", "{895D0FE6-7FA5-4E07-BD5A-28CEA6FFB4F4}"
EndProject
Project("{FAE04EC0-301F-11D3-BF4B-00C04F79EFBC}") = "p4rpc.eventframework", "p4rpc.eventframework\p4rpc.eventframework.csproj", "{0F7AC3E3-CEAF-46A7-9967-020805A3F1AE}"
EndProject
Global
	GlobalSection(SolutionConfigurationPlatforms) = preSolution
		Debug|Any CPU = Debug|Any CPU
		Release|Any CPU = Release|Any CPU
	EndGlobalSection
	GlobalSection(ProjectConfigurationPlatforms) = postSolution
		{BB5FB18D-B3D7-46B0-B976-D08CFD62059F}.Debug|Any CPU.ActiveCfg = Debug|Any CPU
		{BB5FB18D-B3D7-46B0-B976-D08CFD62059F}.Debug|Any CPU.Build.0 = Debug|Any CPU
		{BB5FB18D-B3D7-46B0-B976-D08CFD62059F}.Release|Any CPU.ActiveCfg = Release|Any CPU
		{BB5FB18D-B3D7-46B0-B976-D08CFD62059F}.Release|Any CPU.Build.0 = Release|Any CPU
		{895D0FE6-7FA5-4E07-BD5A-28CEA6FFB4F4}.Debug|Any CPU.ActiveCfg = Debug|Any CPU
		{895D0FE6-7FA5-4E07-BD5A-28CEA6FFB4F4}.Debug|Any CPU.Build.0 = Debug|Any CPU
		{895D0FE6-7FA5-4E07-BD5A-28CEA6FFB4F4}.Release|Any CPU.ActiveCfg = Release|Any CPU
		{895D0FE6-7FA5-4E07-BD5A-28CEA6FFB4F4}.Release|Any CPU.Build.0 = Release|Any CPU
		{0F7AC3E3-CEAF-46A7-9967-020805A3F1AE}.Debug|Any CPU.ActiveCfg = Debug|Any CPU
		{0F7AC3E3-CEAF-46A7-9967-020805A3F1AE}.Debug|Any CPU.Build.0 = Debug|Any CPU
		{0F7AC3E3-CEAF-46A7-9967-020805A3F1AE}.Release|Any CPU.ActiveCfg = Release|Any CPU
		{0F7AC3E3-CEAF-46A7-9967-020805A3F1AE}.Release|Any CPU.Build.0 = Release|Any CPU
	EndGlobalSection
	GlobalSection(SolutionProperties) = preSolution
		HideSolutionNode = FALSE
	EndGlobalSection
	GlobalSection(ExtensibilityGlobals) = postSolution
		SolutionGuid = {05DBB08D-11FA-4C1A-AA2D-BE806FD97465}
	EndGlobalSection
EndGlobal
